
Microsoft Visual Studio Solution File, Format Version 12.00
# Visual Studio Version 17
VisualStudioVersion = 17.4.33122.133
MinimumVisualStudioVersion = 10.0.40219.1
Project("{FAE04EC0-301F-11D3-BF4B-00C04F79EFBC}") = "CargoSample2", "CargoSample2\CargoSample2.csproj", "{A24360D9-6FEA-411E-A7A3-D9260A407EF5}"
EndProject
Global
	GlobalSection(SolutionConfigurationPlatforms) = preSolution
		Debug|Any CPU = Debug|Any CPU
		Release|Any CPU = Release|Any CPU
	EndGlobalSection
	GlobalSection(ProjectConfigurationPlatforms) = postSolution
		{A24360D9-6FEA-411E-A7A3-D9260A407EF5}.Debug|Any CPU.ActiveCfg = Debug|Any CPU
		{A24360D9-6FEA-411E-A7A3-D9260A407EF5}.Debug|Any CPU.Build.0 = Debug|Any CPU
		{A24360D9-6FEA-411E-A7A3-D9260A407EF5}.Release|Any CPU.ActiveCfg = Release|Any CPU
		{A24360D9-6FEA-411E-A7A3-D9260A407EF5}.Release|Any CPU.Build.0 = Release|Any CPU
	EndGlobalSection
	GlobalSection(SolutionProperties) = preSolution
		HideSolutionNode = FALSE
	EndGlobalSection
	GlobalSection(ExtensibilityGlobals) = postSolution
		SolutionGuid = {8CC30763-E492-4638-BDB4-3937003C3896}
	EndGlobalSection
EndGlobal
