
Microsoft Visual Studio Solution File, Format Version 12.00
# Visual Studio Version 17
VisualStudioVersion = 17.4.33122.133
MinimumVisualStudioVersion = 10.0.40219.1
Project("{FAE04EC0-301F-11D3-BF4B-00C04F79EFBC}") = "CargoManagementAPi", "CargoManagementAPi\CargoManagementAPi.csproj", "{4583715A-CFA3-4571-BA8C-132DB1FB8A93}"
EndProject
Global
	GlobalSection(SolutionConfigurationPlatforms) = preSolution
		Debug|Any CPU = Debug|Any CPU
		Release|Any CPU = Release|Any CPU
	EndGlobalSection
	GlobalSection(ProjectConfigurationPlatforms) = postSolution
		{4583715A-CFA3-4571-BA8C-132DB1FB8A93}.Debug|Any CPU.ActiveCfg = Debug|Any CPU
		{4583715A-CFA3-4571-BA8C-132DB1FB8A93}.Debug|Any CPU.Build.0 = Debug|Any CPU
		{4583715A-CFA3-4571-BA8C-132DB1FB8A93}.Release|Any CPU.ActiveCfg = Release|Any CPU
		{4583715A-CFA3-4571-BA8C-132DB1FB8A93}.Release|Any CPU.Build.0 = Release|Any CPU
	EndGlobalSection
	GlobalSection(SolutionProperties) = preSolution
		HideSolutionNode = FALSE
	EndGlobalSection
	GlobalSection(ExtensibilityGlobals) = postSolution
		SolutionGuid = {9BE31049-91E9-4283-BA40-BC45DA1F57CE}
	EndGlobalSection
EndGlobal
